
Microsoft Visual Studio Solution File, Format Version 12.00
# Visual Studio 15
VisualStudioVersion = 15.0.27130.2010
MinimumVisualStudioVersion = 10.0.40219.1
Project("{FAE04EC0-301F-11D3-BF4B-00C04F79EFBC}") = "PointsCollection", "PointsCollection\PointsCollection.csproj", "{764832D7-9D95-4DE8-80DB-07D22293A9D4}"
EndProject
Global
	GlobalSection(SolutionConfigurationPlatforms) = preSolution
		Debug|Any CPU = Debug|Any CPU
		Release|Any CPU = Release|Any CPU
	EndGlobalSection
	GlobalSection(ProjectConfigurationPlatforms) = postSolution
		{764832D7-9D95-4DE8-80DB-07D22293A9D4}.Debug|Any CPU.ActiveCfg = Debug|Any CPU
		{764832D7-9D95-4DE8-80DB-07D22293A9D4}.Debug|Any CPU.Build.0 = Debug|Any CPU
		{764832D7-9D95-4DE8-80DB-07D22293A9D4}.Release|Any CPU.ActiveCfg = Release|Any CPU
		{764832D7-9D95-4DE8-80DB-07D22293A9D4}.Release|Any CPU.Build.0 = Release|Any CPU
	EndGlobalSection
	GlobalSection(SolutionProperties) = preSolution
		HideSolutionNode = FALSE
	EndGlobalSection
	GlobalSection(ExtensibilityGlobals) = postSolution
		SolutionGuid = {8A47064F-6918-4ADA-B872-EF6D34C1B8FD}
	EndGlobalSection
EndGlobal
